joblib==1.5.3 --hash=sha256:5fc3c5039fc5ca8c0276333a188bbd59d6b7ab37fe6632daa76bc7f9ec18e713
lightgbm==4.6.0 --hash=sha256:37089ee95664b6550a7189d887dbf098e3eadab03537e411f52c63c121e3ba4b
numpy==2.4.6 --hash=sha256:1e254a00cdf42b1e4d5b3d68d33af63268d41340d8885df2ab6470f2e1500147
pandas==2.3.3 --hash=sha256:f086f6fe114e19d92014a1966f43a3e62285109afe874f067f5abbdcbb10e59c
python-dateutil==2.9.0.post0 --hash=sha256:a8b2bc7bffae282281c8140a97d3aa9c14da0b136dfe83f850eea9a5f7470427
pytz==2026.2 --hash=sha256:04156e608bee23d3792fd45c94ae47fae1036688e75032eea2e3bf0323d1f126
scikit-learn==1.7.2 --hash=sha256:9b7ed8d58725030568523e937c43e56bc01cadb478fc43c042a9aca1dacb3ba1
scipy==1.17.1 --hash=sha256:d30e57c72013c2a4fe441c2fcb8e77b14e152ad48b5464858e07e2ad9fbfceff
six==1.17.0 --hash=sha256:4721f391ed90541fddacab5acf947aa0d3dc7d27b2e1e8eda2be8970586c3274
threadpoolctl==3.6.0 --hash=sha256:43a0b8fd5a2928500110039e43a5eed8480b918967083ea48dc3ab9f13c4a7fb
tzdata==2026.3 --hash=sha256:dc096730c87af6cab1b171c9d532be840741ff5d459015e7f6947bd7d7e54931
